// !$*UTF8*$!
{
	archiveVersion = 1;
	classes = {
	};
	objectVersion = 50;
	objects = {

/* Begin PBXBuildFile section */
		5ED52EE024DB44FE00A0D937 /* AppDelegate.swift in Sources */ = {isa = PBXBuildFile; fileRef = 5ED52EDF24DB44FE00A0D937 /* AppDelegate.swift */; };
		5ED52EE224DB44FE00A0D937 /* SceneDelegate.swift in Sources */ = {isa = PBXBuildFile; fileRef = 5ED52EE124DB44FE00A0D937 /* SceneDelegate.swift */; };
		5ED52EE724DB44FE00A0D937 /* Main.storyboard in Resources */ = {isa = PBXBuildFile; fileRef = 5ED52EE524DB44FE00A0D937 /* Main.storyboard */; };
		5ED52EE924DB450400A0D937 /* Assets.xcassets in Resources */ = {isa = PBXBuildFile; fileRef = 5ED52EE824DB450400A0D937 /* Assets.xcassets */; };
		5ED52EEC24DB450400A0D937 /* LaunchScreen.storyboard in Resources */ = {isa = PBXBuildFile; fileRef = 5ED52EEA24DB450400A0D937 /* LaunchScreen.storyboard */; };
		5ED52EFD24DB487500A0D937 /* LoginViewController.swift in Sources */ = {isa = PBXBuildFile; fileRef = 5ED52EFC24DB487500A0D937 /* LoginViewController.swift */; };
		5ED52EFF24DB48A300A0D937 /* GigsTableViewController.swift in Sources */ = {isa = PBXBuildFile; fileRef = 5ED52EFE24DB48A300A0D937 /* GigsTableViewController.swift */; };
		5ED52F0124DB4F0200A0D937 /* Bearer.swift in Sources */ = {isa = PBXBuildFile; fileRef = 5ED52F0024DB4F0200A0D937 /* Bearer.swift */; };
		5ED52F0324DB4F7900A0D937 /* User.swift in Sources */ = {isa = PBXBuildFile; fileRef = 5ED52F0224DB4F7900A0D937 /* User.swift */; };
		5ED52F0524DB4FD200A0D937 /* GigController.swift in Sources */ = {isa = PBXBuildFile; fileRef = 5ED52F0424DB4FD200A0D937 /* GigController.swift */; };
		5ED52F0724DB500C00A0D937 /* AuthenticationController.swift in Sources */ = {isa = PBXBuildFile; fileRef = 5ED52F0624DB500C00A0D937 /* AuthenticationController.swift */; };
		5ED52F0A24DB70CD00A0D937 /* AuthenticationControllerDelegate.swift in Sources */ = {isa = PBXBuildFile; fileRef = 5ED52F0924DB70CD00A0D937 /* AuthenticationControllerDelegate.swift */; };
		5ED52F0C24DCFBE900A0D937 /* GigDetailViewController.swift in Sources */ = {isa = PBXBuildFile; fileRef = 5ED52F0B24DCFBE900A0D937 /* GigDetailViewController.swift */; };
		5ED52F0E24DCFCFF00A0D937 /* Gig.swift in Sources */ = {isa = PBXBuildFile; fileRef = 5ED52F0D24DCFCFF00A0D937 /* Gig.swift */; };
		5ED52F1624E0E64100A0D937 /* ConcurrentOperation.swift in Sources */ = {isa = PBXBuildFile; fileRef = 5ED52F1524E0E64100A0D937 /* ConcurrentOperation.swift */; };
		5ED52F1824E0E9BE00A0D937 /* LoginOperation.swift in Sources */ = {isa = PBXBuildFile; fileRef = 5ED52F1724E0E9BE00A0D937 /* LoginOperation.swift */; };
		5ED52F1A24E0E9D500A0D937 /* SignupOperation.swift in Sources */ = {isa = PBXBuildFile; fileRef = 5ED52F1924E0E9D500A0D937 /* SignupOperation.swift */; };
		5ED52F1C24E0E9E500A0D937 /* FetchGigsOperation.swift in Sources */ = {isa = PBXBuildFile; fileRef = 5ED52F1B24E0E9E500A0D937 /* FetchGigsOperation.swift */; };
		5ED52F1E24E0EA0200A0D937 /* PostGigOperation.swift in Sources */ = {isa = PBXBuildFile; fileRef = 5ED52F1D24E0EA0200A0D937 /* PostGigOperation.swift */; };
/* End PBXBuildFile section */

/* Begin PBXFileReference section */
		5ED52EDC24DB44FE00A0D937 /* Gigs.app */ = {isa = PBXFileReference; explicitFileType = wrapper.application; includeInIndex = 0; path = Gigs.app; sourceTree = BUILT_PRODUCTS_DIR; };
		5ED52EDF24DB44FE00A0D937 /* AppDelegate.swift */ = {isa = PBXFileReference; lastKnownFileType = sourcecode.swift; path = AppDelegate.swift; sourceTree = "<group>"; };
		5ED52EE124DB44FE00A0D937 /* SceneDelegate.swift */ = {isa = PBXFileReference; lastKnownFileType = sourcecode.swift; path = SceneDelegate.swift; sourceTree = "<group>"; };
		5ED52EE624DB44FE00A0D937 /* Base */ = {isa = PBXFileReference; lastKnownFileType = file.storyboard; name = Base; path = Base.lproj/Main.storyboard; sourceTree = "<group>"; };
		5ED52EE824DB450400A0D937 /* Assets.xcassets */ = {isa = PBXFileReference; lastKnownFileType = folder.assetcatalog; path = Assets.xcassets; sourceTree = "<group>"; };
		5ED52EEB24DB450400A0D937 /* Base */ = {isa = PBXFileReference; lastKnownFileType = file.storyboard; name = Base; path = Base.lproj/LaunchScreen.storyboard; sourceTree = "<group>"; };
		5ED52EED24DB450400A0D937 /* Info.plist */ = {isa = PBXFileReference; lastKnownFileType = text.plist.xml; path = Info.plist; sourceTree = "<group>"; };
		5ED52EFC24DB487500A0D937 /* LoginViewController.swift */ = {isa = PBXFileReference; lastKnownFileType = sourcecode.swift; path = LoginViewController.swift; sourceTree = "<group>"; };
		5ED52EFE24DB48A300A0D937 /* GigsTableViewController.swift */ = {isa = PBXFileReference; lastKnownFileType = sourcecode.swift; path = GigsTableViewController.swift; sourceTree = "<group>"; };
		5ED52F0024DB4F0200A0D937 /* Bearer.swift */ = {isa = PBXFileReference; lastKnownFileType = sourcecode.swift; path = Bearer.swift; sourceTree = "<group>"; };
		5ED52F0224DB4F7900A0D937 /* User.swift */ = {isa = PBXFileReference; lastKnownFileType = sourcecode.swift; path = User.swift; sourceTree = "<group>"; };
		5ED52F0424DB4FD200A0D937 /* GigController.swift */ = {isa = PBXFileReference; lastKnownFileType = sourcecode.swift; path = GigController.swift; sourceTree = "<group>"; };
		5ED52F0624DB500C00A0D937 /* AuthenticationController.swift */ = {isa = PBXFileReference; lastKnownFileType = sourcecode.swift; path = AuthenticationController.swift; sourceTree = "<group>"; };
		5ED52F0924DB70CD00A0D937 /* AuthenticationControllerDelegate.swift */ = {isa = PBXFileReference; lastKnownFileType = sourcecode.swift; path = AuthenticationControllerDelegate.swift; sourceTree = "<group>"; };
		5ED52F0B24DCFBE900A0D937 /* GigDetailViewController.swift */ = {isa = PBXFileReference; lastKnownFileType = sourcecode.swift; path = GigDetailViewController.swift; sourceTree = "<group>"; };
		5ED52F0D24DCFCFF00A0D937 /* Gig.swift */ = {isa = PBXFileReference; lastKnownFileType = sourcecode.swift; path = Gig.swift; sourceTree = "<group>"; };
		5ED52F1524E0E64100A0D937 /* ConcurrentOperation.swift */ = {isa = PBXFileReference; lastKnownFileType = sourcecode.swift; path = ConcurrentOperation.swift; sourceTree = "<group>"; };
		5ED52F1724E0E9BE00A0D937 /* LoginOperation.swift */ = {isa = PBXFileReference; lastKnownFileType = sourcecode.swift; path = LoginOperation.swift; sourceTree = "<group>"; };
		5ED52F1924E0E9D500A0D937 /* SignupOperation.swift */ = {isa = PBXFileReference; lastKnownFileType = sourcecode.swift; path = SignupOperation.swift; sourceTree = "<group>"; };
		5ED52F1B24E0E9E500A0D937 /* FetchGigsOperation.swift */ = {isa = PBXFileReference; lastKnownFileType = sourcecode.swift; path = FetchGigsOperation.swift; sourceTree = "<group>"; };
		5ED52F1D24E0EA0200A0D937 /* PostGigOperation.swift */ = {isa = PBXFileReference; lastKnownFileType = sourcecode.swift; path = PostGigOperation.swift; sourceTree = "<group>"; };
/* End PBXFileReference section */

/* Begin PBXFrameworksBuildPhase section */
		5ED52ED924DB44FE00A0D937 /* Frameworks */ = {
			isa = PBXFrameworksBuildPhase;
			buildActionMask = 2147483647;
			files = (
			);
			runOnlyForDeploymentPostprocessing = 0;
		};
/* End PBXFrameworksBuildPhase section */

/* Begin PBXGroup section */
		5ED52ED324DB44FD00A0D937 = {
			isa = PBXGroup;
			children = (
				5ED52EDE24DB44FE00A0D937 /* Gigs */,
				5ED52EDD24DB44FE00A0D937 /* Products */,
			);
			sourceTree = "<group>";
		};
		5ED52EDD24DB44FE00A0D937 /* Products */ = {
			isa = PBXGroup;
			children = (
				5ED52EDC24DB44FE00A0D937 /* Gigs.app */,
			);
			name = Products;
			sourceTree = "<group>";
		};
		5ED52EDE24DB44FE00A0D937 /* Gigs */ = {
			isa = PBXGroup;
			children = (
				5ED52EF824DB466A00A0D937 /* Models */,
				5ED52EFA24DB468B00A0D937 /* Controllers */,
				5ED52EF624DB465600A0D937 /* Views */,
				5ED52EF924DB467500A0D937 /* View Controllers */,
				5ED52EF424DB462E00A0D937 /* Resources */,
				5ED52EF324DB462300A0D937 /* Application */,
			);
			path = Gigs;
			sourceTree = "<group>";
		};
		5ED52EF324DB462300A0D937 /* Application */ = {
			isa = PBXGroup;
			children = (
				5ED52EDF24DB44FE00A0D937 /* AppDelegate.swift */,
				5ED52EE124DB44FE00A0D937 /* SceneDelegate.swift */,
			);
			path = Application;
			sourceTree = "<group>";
		};
		5ED52EF424DB462E00A0D937 /* Resources */ = {
			isa = PBXGroup;
			children = (
				5ED52EED24DB450400A0D937 /* Info.plist */,
				5ED52EE824DB450400A0D937 /* Assets.xcassets */,
			);
			name = Resources;
			sourceTree = "<group>";
		};
		5ED52EF524DB464A00A0D937 /* Storyboards */ = {
			isa = PBXGroup;
			children = (
				5ED52EE524DB44FE00A0D937 /* Main.storyboard */,
				5ED52EEA24DB450400A0D937 /* LaunchScreen.storyboard */,
			);
			path = Storyboards;
			sourceTree = "<group>";
		};
		5ED52EF624DB465600A0D937 /* Views */ = {
			isa = PBXGroup;
			children = (
				5ED52EF524DB464A00A0D937 /* Storyboards */,
			);
			path = Views;
			sourceTree = "<group>";
		};
		5ED52EF724DB465E00A0D937 /* Operations */ = {
			isa = PBXGroup;
			children = (
				5ED52F1524E0E64100A0D937 /* ConcurrentOperation.swift */,
				5ED52F1924E0E9D500A0D937 /* SignupOperation.swift */,
				5ED52F1724E0E9BE00A0D937 /* LoginOperation.swift */,
				5ED52F1B24E0E9E500A0D937 /* FetchGigsOperation.swift */,
				5ED52F1D24E0EA0200A0D937 /* PostGigOperation.swift */,
			);
			path = Operations;
			sourceTree = "<group>";
		};
		5ED52EF824DB466A00A0D937 /* Models */ = {
			isa = PBXGroup;
			children = (
				5ED52F0024DB4F0200A0D937 /* Bearer.swift */,
				5ED52F0224DB4F7900A0D937 /* User.swift */,
				5ED52F0D24DCFCFF00A0D937 /* Gig.swift */,
			);
			path = Models;
			sourceTree = "<group>";
		};
		5ED52EF924DB467500A0D937 /* View Controllers */ = {
			isa = PBXGroup;
			children = (
				5ED52EFC24DB487500A0D937 /* LoginViewController.swift */,
				5ED52EFE24DB48A300A0D937 /* GigsTableViewController.swift */,
				5ED52F0B24DCFBE900A0D937 /* GigDetailViewController.swift */,
			);
			path = "View Controllers";
			sourceTree = "<group>";
		};
		5ED52EFA24DB468B00A0D937 /* Controllers */ = {
			isa = PBXGroup;
			children = (
				5ED52F0824DB709700A0D937 /* Delegates */,
				5ED52EFB24DB469500A0D937 /* Networking */,
				5ED52EF724DB465E00A0D937 /* Operations */,
			);
			path = Controllers;
			sourceTree = "<group>";
		};
		5ED52EFB24DB469500A0D937 /* Networking */ = {
			isa = PBXGroup;
			children = (
				5ED52F0624DB500C00A0D937 /* AuthenticationController.swift */,
				5ED52F0424DB4FD200A0D937 /* GigController.swift */,
			);
			path = Networking;
			sourceTree = "<group>";
		};
		5ED52F0824DB709700A0D937 /* Delegates */ = {
			isa = PBXGroup;
			children = (
				5ED52F0924DB70CD00A0D937 /* AuthenticationControllerDelegate.swift */,
			);
			path = Delegates;
			sourceTree = "<group>";
		};
/* End PBXGroup section */

/* Begin PBXNativeTarget section */
		5ED52EDB24DB44FE00A0D937 /* Gigs */ = {
			isa = PBXNativeTarget;
			buildConfigurationList = 5ED52EF024DB450400A0D937 /* Build configuration list for PBXNativeTarget "Gigs" */;
			buildPhases = (
				5ED52ED824DB44FE00A0D937 /* Sources */,
				5ED52ED924DB44FE00A0D937 /* Frameworks */,
				5ED52EDA24DB44FE00A0D937 /* Resources */,
			);
			buildRules = (
			);
			dependencies = (
			);
			name = Gigs;
			productName = Gigs;
			productReference = 5ED52EDC24DB44FE00A0D937 /* Gigs.app */;
			productType = "com.apple.product-type.application";
		};
/* End PBXNativeTarget section */

/* Begin PBXProject section */
		5ED52ED424DB44FD00A0D937 /* Project object */ = {
			isa = PBXProject;
			attributes = {
				LastSwiftUpdateCheck = 1160;
				LastUpgradeCheck = 1160;
				ORGANIZATIONNAME = "Cody Morley";
				TargetAttributes = {
					5ED52EDB24DB44FE00A0D937 = {
						CreatedOnToolsVersion = 11.6;
					};
				};
			};
			buildConfigurationList = 5ED52ED724DB44FD00A0D937 /* Build configuration list for PBXProject "Gigs" */;
			compatibilityVersion = "Xcode 9.3";
			developmentRegion = en;
			hasScannedForEncodings = 0;
			knownRegions = (
				en,
				Base,
			);
			mainGroup = 5ED52ED324DB44FD00A0D937;
			productRefGroup = 5ED52EDD24DB44FE00A0D937 /* Products */;
			projectDirPath = "";
			projectRoot = "";
			targets = (
				5ED52EDB24DB44FE00A0D937 /* Gigs */,
			);
		};
/* End PBXProject section */

/* Begin PBXResourcesBuildPhase section */
		5ED52EDA24DB44FE00A0D937 /* Resources */ = {
			isa = PBXResourcesBuildPhase;
			buildActionMask = 2147483647;
			files = (
				5ED52EEC24DB450400A0D937 /* LaunchScreen.storyboard in Resources */,
				5ED52EE924DB450400A0D937 /* Assets.xcassets in Resources */,
				5ED52EE724DB44FE00A0D937 /* Main.storyboard in Resources */,
			);
			runOnlyForDeploymentPostprocessing = 0;
		};
/* End PBXResourcesBuildPhase section */

/* Begin PBXSourcesBuildPhase section */
		5ED52ED824DB44FE00A0D937 /* Sources */ = {
			isa = PBXSourcesBuildPhase;
			buildActionMask = 2147483647;
			files = (
				5ED52F1824E0E9BE00A0D937 /* LoginOperation.swift in Sources */,
				5ED52F0A24DB70CD00A0D937 /* AuthenticationControllerDelegate.swift in Sources */,
				5ED52F0C24DCFBE900A0D937 /* GigDetailViewController.swift in Sources */,
				5ED52F0E24DCFCFF00A0D937 /* Gig.swift in Sources */,
				5ED52F0124DB4F0200A0D937 /* Bearer.swift in Sources */,
				5ED52F1624E0E64100A0D937 /* ConcurrentOperation.swift in Sources */,
				5ED52F0524DB4FD200A0D937 /* GigController.swift in Sources */,
				5ED52F1C24E0E9E500A0D937 /* FetchGigsOperation.swift in Sources */,
				5ED52EFD24DB487500A0D937 /* LoginViewController.swift in Sources */,
				5ED52F0324DB4F7900A0D937 /* User.swift in Sources */,
				5ED52EFF24DB48A300A0D937 /* GigsTableViewController.swift in Sources */,
				5ED52F0724DB500C00A0D937 /* AuthenticationController.swift in Sources */,
				5ED52F1A24E0E9D500A0D937 /* SignupOperation.swift in Sources */,
				5ED52EE024DB44FE00A0D937 /* AppDelegate.swift in Sources */,
				5ED52EE224DB44FE00A0D937 /* SceneDelegate.swift in Sources */,
				5ED52F1E24E0EA0200A0D937 /* PostGigOperation.swift in Sources */,
			);
			runOnlyForDeploymentPostprocessing = 0;
		};
/* End PBXSourcesBuildPhase section */

/* Begin PBXVariantGroup section */
		5ED52EE524DB44FE00A0D937 /* Main.storyboard */ = {
			isa = PBXVariantGroup;
			children = (
				5ED52EE624DB44FE00A0D937 /* Base */,
			);
			name = Main.storyboard;
			sourceTree = "<group>";
		};
		5ED52EEA24DB450400A0D937 /* LaunchScreen.storyboard */ = {
			isa = PBXVariantGroup;
			children = (
				5ED52EEB24DB450400A0D937 /* Base */,
			);
			name = LaunchScreen.storyboard;
			sourceTree = "<group>";
		};
/* End PBXVariantGroup section */

/* Begin XCBuildConfiguration section */
		5ED52EEE24DB450400A0D937 /* Debug */ = {
			isa = XCBuildConfiguration;
			buildSettings = {
				ALWAYS_SEARCH_USER_PATHS = NO;
				CLANG_ANALYZER_NONNULL = YES;
				CLANG_ANALYZER_NUMBER_OBJECT_CONVERSION = YES_AGGRESSIVE;
				CLANG_CXX_LANGUAGE_STANDARD = "gnu++14";
				CLANG_CXX_LIBRARY = "libc++";
				CLANG_ENABLE_MODULES = YES;
				CLANG_ENABLE_OBJC_ARC = YES;
				CLANG_ENABLE_OBJC_WEAK = YES;
				CLANG_WARN_BLOCK_CAPTURE_AUTORELEASING = YES;
				CLANG_WARN_BOOL_CONVERSION = YES;
				CLANG_WARN_COMMA = YES;
				CLANG_WARN_CONSTANT_CONVERSION = YES;
				CLANG_WARN_DEPRECATED_OBJC_IMPLEMENTATIONS = YES;
				CLANG_WARN_DIRECT_OBJC_ISA_USAGE = YES_ERROR;
				CLANG_WARN_DOCUMENTATION_COMMENTS = YES;
				CLANG_WARN_EMPTY_BODY = YES;
				CLANG_WARN_ENUM_CONVERSION = YES;
				CLANG_WARN_INFINITE_RECURSION = YES;
				CLANG_WARN_INT_CONVERSION = YES;
				CLANG_WARN_NON_LITERAL_NULL_CONVERSION = YES;
				CLANG_WARN_OBJC_IMPLICIT_RETAIN_SELF = YES;
				CLANG_WARN_OBJC_LITERAL_CONVERSION = YES;
				CLANG_WARN_OBJC_ROOT_CLASS = YES_ERROR;
				CLANG_WARN_RANGE_LOOP_ANALYSIS = YES;
				CLANG_WARN_STRICT_PROTOTYPES = YES;
				CLANG_WARN_SUSPICIOUS_MOVE = YES;
				CLANG_WARN_UNGUARDED_AVAILABILITY = YES_AGGRESSIVE;
				CLANG_WARN_UNREACHABLE_CODE = YES;
				CLANG_WARN__DUPLICATE_METHOD_MATCH = YES;
				COPY_PHASE_STRIP = NO;
				DEBUG_INFORMATION_FORMAT = dwarf;
				ENABLE_STRICT_OBJC_MSGSEND = YES;
				ENABLE_TESTABILITY = YES;
				GCC_C_LANGUAGE_STANDARD = gnu11;
				GCC_DYNAMIC_NO_PIC = NO;
				GCC_NO_COMMON_BLOCKS = YES;
				GCC_OPTIMIZATION_LEVEL = 0;
				GCC_PREPROCESSOR_DEFINITIONS = (
					"DEBUG=1",
					"$(inherited)",
				);
				GCC_WARN_64_TO_32_BIT_CONVERSION = YES;
				GCC_WARN_ABOUT_RETURN_TYPE = YES_ERROR;
				GCC_WARN_UNDECLARED_SELECTOR = YES;
				GCC_WARN_UNINITIALIZED_AUTOS = YES_AGGRESSIVE;
				GCC_WARN_UNUSED_FUNCTION = YES;
				GCC_WARN_UNUSED_VARIABLE = YES;
				IPHONEOS_DEPLOYMENT_TARGET = 13.6;
				MTL_ENABLE_DEBUG_INFO = INCLUDE_SOURCE;
				MTL_FAST_MATH = YES;
				ONLY_ACTIVE_ARCH = YES;
				SDKROOT = iphoneos;
				SWIFT_ACTIVE_COMPILATION_CONDITIONS = DEBUG;
				SWIFT_OPTIMIZATION_LEVEL = "-Onone";
			};
			name = Debug;
		};
		5ED52EEF24DB450400A0D937 /* Release */ = {
			isa = XCBuildConfiguration;
			buildSettings = {
				ALWAYS_SEARCH_USER_PATHS = NO;
				CLANG_ANALYZER_NONNULL = YES;
				CLANG_ANALYZER_NUMBER_OBJECT_CONVERSION = YES_AGGRESSIVE;
				CLANG_CXX_LANGUAGE_STANDARD = "gnu++14";
				CLANG_CXX_LIBRARY = "libc++";
				CLANG_ENABLE_MODULES = YES;
				CLANG_ENABLE_OBJC_ARC = YES;
				CLANG_ENABLE_OBJC_WEAK = YES;
				CLANG_WARN_BLOCK_CAPTURE_AUTORELEASING = YES;
				CLANG_WARN_BOOL_CONVERSION = YES;
				CLANG_WARN_COMMA = YES;
				CLANG_WARN_CONSTANT_CONVERSION = YES;
				CLANG_WARN_DEPRECATED_OBJC_IMPLEMENTATIONS = YES;
				CLANG_WARN_DIRECT_OBJC_ISA_USAGE = YES_ERROR;
				CLANG_WARN_DOCUMENTATION_COMMENTS = YES;
				CLANG_WARN_EMPTY_BODY = YES;
				CLANG_WARN_ENUM_CONVERSION = YES;
				CLANG_WARN_INFINITE_RECURSION = YES;
				CLANG_WARN_INT_CONVERSION = YES;
				CLANG_WARN_NON_LITERAL_NULL_CONVERSION = YES;
				CLANG_WARN_OBJC_IMPLICIT_RETAIN_SELF = YES;
				CLANG_WARN_OBJC_LITERAL_CONVERSION = YES;
				CLANG_WARN_OBJC_ROOT_CLASS = YES_ERROR;
				CLANG_WARN_RANGE_LOOP_ANALYSIS = YES;
				CLANG_WARN_STRICT_PROTOTYPES = YES;
				CLANG_WARN_SUSPICIOUS_MOVE = YES;
				CLANG_WARN_UNGUARDED_AVAILABILITY = YES_AGGRESSIVE;
				CLANG_WARN_UNREACHABLE_CODE = YES;
				CLANG_WARN__DUPLICATE_METHOD_MATCH = YES;
				COPY_PHASE_STRIP = NO;
				DEBUG_INFORMATION_FORMAT = "dwarf-with-dsym";
				ENABLE_NS_ASSERTIONS = NO;
				ENABLE_STRICT_OBJC_MSGSEND = YES;
				GCC_C_LANGUAGE_STANDARD = gnu11;
				GCC_NO_COMMON_BLOCKS = YES;
				GCC_WARN_64_TO_32_BIT_CONVERSION = YES;
				GCC_WARN_ABOUT_RETURN_TYPE = YES_ERROR;
				GCC_WARN_UNDECLARED_SELECTOR = YES;
				GCC_WARN_UNINITIALIZED_AUTOS = YES_AGGRESSIVE;
				GCC_WARN_UNUSED_FUNCTION = YES;
				GCC_WARN_UNUSED_VARIABLE = YES;
				IPHONEOS_DEPLOYMENT_TARGET = 13.6;
				MTL_ENABLE_DEBUG_INFO = NO;
				MTL_FAST_MATH = YES;
				SDKROOT = iphoneos;
				SWIFT_COMPILATION_MODE = wholemodule;
				SWIFT_OPTIMIZATION_LEVEL = "-O";
				VALIDATE_PRODUCT = YES;
			};
			name = Release;
		};
		5ED52EF124DB450400A0D937 /* Debug */ = {
			isa = XCBuildConfiguration;
			buildSettings = {
				ASSETCATALOG_COMPILER_APPICON_NAME = AppIcon;
				CODE_SIGN_STYLE = Automatic;
				DEVELOPMENT_TEAM = H627294WQZ;
				INFOPLIST_FILE = Gigs/Info.plist;
				LD_RUNPATH_SEARCH_PATHS = (
					"$(inherited)",
					"@executable_path/Frameworks",
				);
				PRODUCT_BUNDLE_IDENTIFIER = com.CodyMorley.Gigs;
				PRODUCT_NAME = "$(TARGET_NAME)";
				SWIFT_VERSION = 5.0;
				TARGETED_DEVICE_FAMILY = "1,2";
			};
			name = Debug;
		};
		5ED52EF224DB450400A0D937 /* Release */ = {
			isa = XCBuildConfiguration;
			buildSettings = {
				ASSETCATALOG_COMPILER_APPICON_NAME = AppIcon;
				CODE_SIGN_STYLE = Automatic;
				DEVELOPMENT_TEAM = H627294WQZ;
				INFOPLIST_FILE = Gigs/Info.plist;
				LD_RUNPATH_SEARCH_PATHS = (
					"$(inherited)",
					"@executable_path/Frameworks",
				);
				PRODUCT_BUNDLE_IDENTIFIER = com.CodyMorley.Gigs;
				PRODUCT_NAME = "$(TARGET_NAME)";
				SWIFT_VERSION = 5.0;
				TARGETED_DEVICE_FAMILY = "1,2";
			};
			name = Release;
		};
/* End XCBuildConfiguration section */

/* Begin XCConfigurationList section */
		5ED52ED724DB44FD00A0D937 /* Build configuration list for PBXProject "Gigs" */ = {
			isa = XCConfigurationList;
			buildConfigurations = (
				5ED52EEE24DB450400A0D937 /* Debug */,
				5ED52EEF24DB450400A0D937 /* Release */,
			);
			defaultConfigurationIsVisible = 0;
			defaultConfigurationName = Release;
		};
		5ED52EF024DB450400A0D937 /* Build configuration list for PBXNativeTarget "Gigs" */ = {
			isa = XCConfigurationList;
			buildConfigurations = (
				5ED52EF124DB450400A0D937 /* Debug */,
				5ED52EF224DB450400A0D937 /* Release */,
			);
			defaultConfigurationIsVisible = 0;
			defaultConfigurationName = Release;
		};
/* End XCConfigurationList section */
	};
	rootObject = 5ED52ED424DB44FD00A0D937 /* Project object */;
}
